# THIS IS AN AUTOGENERATED FILE. DO NOT EDIT THIS FILE DIRECTLY.
# yarn lockfile v1


"@sindresorhus/is@^0.6.0":
  version "0.6.0"
  resolved "https://registry.npmjs.org/@sindresorhus/is/-/is-0.6.0.tgz#383f456b26bc96c7889f0332079f4358b16c58dc"

"@types/node@*":
  version "8.5.1"
  resolved "https://registry.npmjs.org/@types/node/-/node-8.5.1.tgz#4ec3020bcdfe2abffeef9ba3fbf26fca097514b5"

ansi-escapes@^3.0.0:
  version "3.0.0"
  resolved "http://storage.mds.yandex.net/get-npm/38095/ansi-escapes-3.0.0.tgz#ec3e8b4e9f8064fc02c3ac9b65f1c275bda8ef92"

ansi-regex@^3.0.0:
  version "3.0.0"
  resolved "http://storage.mds.yandex.net/get-npm/35308/ansi-regex-3.0.0.tgz#ed0317c322064f79466c02966bddb605ab37d998"

ansi-styles@^3.1.0:
  version "3.2.0"
  resolved "http://storage.mds.yandex.net/get-npm/69187/ansi-styles-3.2.0.tgz#c159b8d5be0f9e5a6f346dab94f16ce022161b88"
  dependencies:
    color-convert "^1.9.0"

bluebird@^3.5.1:
  version "3.5.1"
  resolved "http://storage.mds.yandex.net/get-npm/66641/bluebird-3.5.1.tgz#d9551f9de98f1fcda1e683d17ee91a0602ee2eb9"

boolbase@~1.0.0:
  version "1.0.0"
  resolved "http://storage.mds.yandex.net/get-npm/45674/boolbase-1.0.0.tgz#68dff5fbe60c51eb37725ea9e3ed310dcc1e776e"

cacheable-request@^2.1.1:
  version "2.1.3"
  resolved "http://storage.mds.yandex.net/get-npm/45674/cacheable-request-2.1.3.tgz#b935607dd2ab2812898befb224f66aa86c533dbb"
  dependencies:
    clone-response "1.0.2"
    get-stream "3.0.0"
    http-cache-semantics "3.8.1"
    keyv "3.0.0"
    lowercase-keys "1.0.0"
    normalize-url "2.0.0"
    responselike "1.0.2"

chalk@^2.0.0:
  version "2.3.0"
  resolved "http://storage.mds.yandex.net/get-npm/35308/chalk-2.3.0.tgz#b5ea48efc9c1793dccc9b4767c93914d3f2d52ba"
  dependencies:
    ansi-styles "^3.1.0"
    escape-string-regexp "^1.0.5"
    supports-color "^4.0.0"

chardet@^0.4.0:
  version "0.4.2"
  resolved "http://storage.mds.yandex.net/get-npm/69187/chardet-0.4.2.tgz#b5473b33dc97c424e5d98dc87d55d4d8a29c8bf2"

cheerio@^1.0.0-rc.2:
  version "1.0.0-rc.2"
  resolved "http://storage.mds.yandex.net/get-npm/35308/cheerio-1.0.0-rc.2.tgz#4b9f53a81b27e4d5dac31c0ffd0cfa03cc6830db"
  dependencies:
    css-select "~1.2.0"
    dom-serializer "~0.1.0"
    entities "~1.1.1"
    htmlparser2 "^3.9.1"
    lodash "^4.15.0"
    parse5 "^3.0.1"

cli-cursor@^2.1.0:
  version "2.1.0"
  resolved "http://storage.mds.yandex.net/get-npm/66641/cli-cursor-2.1.0.tgz#b35dac376479facc3e94747d41d0d0f5238ffcb5"
  dependencies:
    restore-cursor "^2.0.0"

cli-width@^2.0.0:
  version "2.2.0"
  resolved "http://storage.mds.yandex.net/get-npm/35308/cli-width-2.2.0.tgz#ff19ede8a9a5e579324147b0c11f0fbcbabed639"

clone-response@1.0.2:
  version "1.0.2"
  resolved "http://storage.mds.yandex.net/get-npm/45674/clone-response-1.0.2.tgz#d1dc973920314df67fbeb94223b4ee350239e96b"
  dependencies:
    mimic-response "^1.0.0"

color-convert@^1.9.0:
  version "1.9.1"
  resolved "http://storage.mds.yandex.net/get-npm/66641/color-convert-1.9.1.tgz#c1261107aeb2f294ebffec9ed9ecad529a6097ed"
  dependencies:
    color-name "^1.1.1"

color-name@^1.1.1:
  version "1.1.3"
  resolved "http://storage.mds.yandex.net/get-npm/66641/color-name-1.1.3.tgz#a7d0558bd89c42f795dd42328f740831ca53bc25"

core-util-is@~1.0.0:
  version "1.0.2"
  resolved "http://storage.mds.yandex.net/get-npm/35308/core-util-is-1.0.2.tgz#b5fd54220aa2bc5ab57aab7140c940754503c1a7"

css-select@~1.2.0:
  version "1.2.0"
  resolved "http://storage.mds.yandex.net/get-npm/45674/css-select-1.2.0.tgz#2b3a110539c5355f1cd8d314623e870b121ec858"
  dependencies:
    boolbase "~1.0.0"
    css-what "2.1"
    domutils "1.5.1"
    nth-check "~1.0.1"

css-what@2.1:
  version "2.1.0"
  resolved "http://storage.mds.yandex.net/get-npm/45674/css-what-2.1.0.tgz#9467d032c38cfaefb9f2d79501253062f87fa1bd"

decode-uri-component@^0.2.0:
  version "0.2.0"
  resolved "http://storage.mds.yandex.net/get-npm/35308/decode-uri-component-0.2.0.tgz#eb3913333458775cb84cd1a1fae062106bb87545"

decompress-response@^3.3.0:
  version "3.3.0"
  resolved "http://storage.mds.yandex.net/get-npm/66641/decompress-response-3.3.0.tgz#80a4dd323748384bfa248083622aedec982adff3"
  dependencies:
    mimic-response "^1.0.0"

dom-serializer@0, dom-serializer@~0.1.0:
  version "0.1.0"
  resolved "http://storage.mds.yandex.net/get-npm/38095/dom-serializer-0.1.0.tgz#073c697546ce0780ce23be4a28e293e40bc30c82"
  dependencies:
    domelementtype "~1.1.1"
    entities "~1.1.1"

domelementtype@1, domelementtype@^1.3.0:
  version "1.3.0"
  resolved "http://storage.mds.yandex.net/get-npm/66641/domelementtype-1.3.0.tgz#b17aed82e8ab59e52dd9c19b1756e0fc187204c2"

domelementtype@~1.1.1:
  version "1.1.3"
  resolved "http://storage.mds.yandex.net/get-npm/45674/domelementtype-1.1.3.tgz#bd28773e2642881aec51544924299c5cd822185b"

domhandler@^2.3.0:
  version "2.4.1"
  resolved "http://storage.mds.yandex.net/get-npm/45674/domhandler-2.4.1.tgz#892e47000a99be55bbf3774ffea0561d8879c259"
  dependencies:
    domelementtype "1"

domutils@1.5.1:
  version "1.5.1"
  resolved "http://storage.mds.yandex.net/get-npm/38095/domutils-1.5.1.tgz#dcd8488a26f563d61079e48c9f7b7e32373682cf"
  dependencies:
    dom-serializer "0"
    domelementtype "1"

domutils@^1.5.1:
  version "1.6.2"
  resolved "http://storage.mds.yandex.net/get-npm/45674/domutils-1.6.2.tgz#1958cc0b4c9426e9ed367fb1c8e854891b0fa3ff"
  dependencies:
    dom-serializer "0"
    domelementtype "1"

duplexer3@^0.1.4:
  version "0.1.4"
  resolved "http://storage.mds.yandex.net/get-npm/35308/duplexer3-0.1.4.tgz#ee01dd1cac0ed3cbc7fdbea37dc0a8f1ce002ce2"

entities@^1.1.1, entities@~1.1.1:
  version "1.1.1"
  resolved "http://storage.mds.yandex.net/get-npm/66641/entities-1.1.1.tgz#6e5c2d0a5621b5dadaecef80b90edfb5cd7772f0"

escape-string-regexp@^1.0.5:
  version "1.0.5"
  resolved "http://storage.mds.yandex.net/get-npm/38095/escape-string-regexp-1.0.5.tgz#1b61c0562190a8dff6ae3bb2cf0200ca130b86d4"

external-editor@^2.1.0:
  version "2.1.0"
  resolved "http://storage.mds.yandex.net/get-npm/69187/external-editor-2.1.0.tgz#3d026a21b7f95b5726387d4200ac160d372c3b48"
  dependencies:
    chardet "^0.4.0"
    iconv-lite "^0.4.17"
    tmp "^0.0.33"

figures@^2.0.0:
  version "2.0.0"
  resolved "http://storage.mds.yandex.net/get-npm/38095/figures-2.0.0.tgz#3ab1a2d2a62c8bfb431a0c94cb797a2fce27c962"
  dependencies:
    escape-string-regexp "^1.0.5"

from2@^2.1.1:
  version "2.3.0"
  resolved "http://storage.mds.yandex.net/get-npm/66641/from2-2.3.0.tgz#8bfb5502bde4a4d36cfdeea007fcca21d7e382af"
  dependencies:
    inherits "^2.0.1"
    readable-stream "^2.0.0"

get-stream@3.0.0, get-stream@^3.0.0:
  version "3.0.0"
  resolved "http://storage.mds.yandex.net/get-npm/35308/get-stream-3.0.0.tgz#8e943d1358dc37555054ecbe2edb05aa174ede14"

got@^8.0.1:
  version "8.0.1"
  resolved "http://storage.mds.yandex.net/get-npm/38095/got-8.0.1.tgz#6d7f8bb3eb99e5af912efe26a104476441e08e7f"
  dependencies:
    "@sindresorhus/is" "^0.6.0"
    cacheable-request "^2.1.1"
    decompress-response "^3.3.0"
    duplexer3 "^0.1.4"
    get-stream "^3.0.0"
    into-stream "^3.1.0"
    is-retry-allowed "^1.1.0"
    isurl "^1.0.0-alpha5"
    lowercase-keys "^1.0.0"
    mimic-response "^1.0.0"
    p-cancelable "^0.3.0"
    p-timeout "^2.0.1"
    pify "^3.0.0"
    safe-buffer "^5.1.1"
    timed-out "^4.0.1"
    url-parse-lax "^3.0.0"
    url-to-options "^1.0.1"

has-flag@^2.0.0:
  version "2.0.0"
  resolved "http://storage.mds.yandex.net/get-npm/69187/has-flag-2.0.0.tgz#e8207af1cc7b30d446cc70b734b5e8be18f88d51"

has-symbol-support-x@^1.4.1:
  version "1.4.1"
  resolved "http://storage.mds.yandex.net/get-npm/66641/has-symbol-support-x-1.4.1.tgz#66ec2e377e0c7d7ccedb07a3a84d77510ff1bc4c"

has-to-string-tag-x@^1.2.0:
  version "1.4.1"
  resolved "http://storage.mds.yandex.net/get-npm/45674/has-to-string-tag-x-1.4.1.tgz#a045ab383d7b4b2012a00148ab0aa5f290044d4d"
  dependencies:
    has-symbol-support-x "^1.4.1"

htmlparser2@^3.9.1:
  version "3.9.2"
  resolved "http://storage.mds.yandex.net/get-npm/66641/htmlparser2-3.9.2.tgz#1bdf87acca0f3f9e53fa4fcceb0f4b4cbb00b338"
  dependencies:
    domelementtype "^1.3.0"
    domhandler "^2.3.0"
    domutils "^1.5.1"
    entities "^1.1.1"
    inherits "^2.0.1"
    readable-stream "^2.0.2"

http-cache-semantics@3.8.1:
  version "3.8.1"
  resolved "http://storage.mds.yandex.net/get-npm/66641/http-cache-semantics-3.8.1.tgz#39b0e16add9b605bf0a9ef3d9daaf4843b4cacd2"

iconv-lite@^0.4.17:
  version "0.4.19"
  resolved "http://storage.mds.yandex.net/get-npm/35308/iconv-lite-0.4.19.tgz#f7468f60135f5e5dad3399c0a81be9a1603a082b"

inherits@^2.0.1, inherits@~2.0.3:
  version "2.0.3"
  resolved "http://storage.mds.yandex.net/get-npm/45674/inherits-2.0.3.tgz#633c2c83e3da42a502f52466022480f4208261de"

inquirer@^4.0.1:
  version "4.0.1"
  resolved "http://storage.mds.yandex.net/get-npm/45674/inquirer-4.0.1.tgz#b25cd541789394b4bb56f6440fb213b121149096"
  dependencies:
    ansi-escapes "^3.0.0"
    chalk "^2.0.0"
    cli-cursor "^2.1.0"
    cli-width "^2.0.0"
    external-editor "^2.1.0"
    figures "^2.0.0"
    lodash "^4.3.0"
    mute-stream "0.0.7"
    run-async "^2.2.0"
    rx-lite "^4.0.8"
    rx-lite-aggregates "^4.0.8"
    string-width "^2.1.0"
    strip-ansi "^4.0.0"
    through "^2.3.6"

into-stream@^3.1.0:
  version "3.1.0"
  resolved "http://storage.mds.yandex.net/get-npm/45674/into-stream-3.1.0.tgz#96fb0a936c12babd6ff1752a17d05616abd094c6"
  dependencies:
    from2 "^2.1.1"
    p-is-promise "^1.1.0"

is-fullwidth-code-point@^2.0.0:
  version "2.0.0"
  resolved "http://storage.mds.yandex.net/get-npm/66641/is-fullwidth-code-point-2.0.0.tgz#a3b30a5c4f199183167aaab93beefae3ddfb654f"

is-object@^1.0.1:
  version "1.0.1"
  resolved "http://storage.mds.yandex.net/get-npm/66641/is-object-1.0.1.tgz#8952688c5ec2ffd6b03ecc85e769e02903083470"

is-plain-obj@^1.0.0:
  version "1.1.0"
  resolved "http://storage.mds.yandex.net/get-npm/69187/is-plain-obj-1.1.0.tgz#71a50c8429dfca773c92a390a4a03b39fcd51d3e"

is-promise@^2.1.0:
  version "2.1.0"
  resolved "http://storage.mds.yandex.net/get-npm/35308/is-promise-2.1.0.tgz#79a2a9ece7f096e80f36d2b2f3bc16c1ff4bf3fa"

is-retry-allowed@^1.1.0:
  version "1.1.0"
  resolved "http://storage.mds.yandex.net/get-npm/66641/is-retry-allowed-1.1.0.tgz#11a060568b67339444033d0125a61a20d564fb34"

isarray@~1.0.0:
  version "1.0.0"
  resolved "http://storage.mds.yandex.net/get-npm/66641/isarray-1.0.0.tgz#bb935d48582cba168c06834957a54a3e07124f11"

isurl@^1.0.0-alpha5:
  version "1.0.0"
  resolved "http://storage.mds.yandex.net/get-npm/66641/isurl-1.0.0.tgz#b27f4f49f3cdaa3ea44a0a5b7f3462e6edc39d67"
  dependencies:
    has-to-string-tag-x "^1.2.0"
    is-object "^1.0.1"

json-buffer@3.0.0:
  version "3.0.0"
  resolved "http://storage.mds.yandex.net/get-npm/38095/json-buffer-3.0.0.tgz#5b1f397afc75d677bde8bcfc0e47e1f9a3d9a898"

keyv@3.0.0:
  version "3.0.0"
  resolved "http://storage.mds.yandex.net/get-npm/35308/keyv-3.0.0.tgz#44923ba39e68b12a7cec7df6c3268c031f2ef373"
  dependencies:
    json-buffer "3.0.0"

lodash@^4.15.0, lodash@^4.17.4, lodash@^4.3.0:
  version "4.17.4"
  resolved "http://storage.mds.yandex.net/get-npm/66641/lodash-4.17.4.tgz#78203a4d1c328ae1d86dca6460e369b57f4055ae"

lowercase-keys@1.0.0, lowercase-keys@^1.0.0:
  version "1.0.0"
  resolved "http://storage.mds.yandex.net/get-npm/66641/lowercase-keys-1.0.0.tgz#4e3366b39e7f5457e35f1324bdf6f88d0bfc7306"

mimic-fn@^1.0.0:
  version "1.1.0"
  resolved "http://storage.mds.yandex.net/get-npm/35308/mimic-fn-1.1.0.tgz#e667783d92e89dbd342818b5230b9d62a672ad18"

mimic-response@^1.0.0:
  version "1.0.0"
  resolved "http://storage.mds.yandex.net/get-npm/66641/mimic-response-1.0.0.tgz#df3d3652a73fded6b9b0b24146e6fd052353458e"

mute-stream@0.0.7:
  version "0.0.7"
  resolved "http://storage.mds.yandex.net/get-npm/38095/mute-stream-0.0.7.tgz#3075ce93bc21b8fab43e1bc4da7e8115ed1e7bab"

normalize-url@2.0.0:
  version "2.0.0"
  resolved "http://storage.mds.yandex.net/get-npm/66641/normalize-url-2.0.0.tgz#e04d8a369f3a4cadc850a2854f8fb0f8a8120328"
  dependencies:
    prepend-http "^2.0.0"
    query-string "^5.0.1"
    sort-keys "^2.0.0"

nth-check@~1.0.1:
  version "1.0.1"
  resolved "http://storage.mds.yandex.net/get-npm/69187/nth-check-1.0.1.tgz#9929acdf628fc2c41098deab82ac580cf149aae4"
  dependencies:
    boolbase "~1.0.0"

object-assign@^4.1.0:
  version "4.1.1"
  resolved "http://storage.mds.yandex.net/get-npm/66641/object-assign-4.1.1.tgz#2109adc7965887cfc05cbbd442cac8bfbb360863"

onetime@^2.0.0:
  version "2.0.1"
  resolved "http://storage.mds.yandex.net/get-npm/66641/onetime-2.0.1.tgz#067428230fd67443b2794b22bba528b6867962d4"
  dependencies:
    mimic-fn "^1.0.0"

os-tmpdir@~1.0.2:
  version "1.0.2"
  resolved "http://storage.mds.yandex.net/get-npm/66641/os-tmpdir-1.0.2.tgz#bbe67406c79aa85c5cfec766fe5734555dfa1274"

p-cancelable@^0.3.0:
  version "0.3.0"
  resolved "http://storage.mds.yandex.net/get-npm/45674/p-cancelable-0.3.0.tgz#b9e123800bcebb7ac13a479be195b507b98d30fa"

p-finally@^1.0.0:
  version "1.0.0"
  resolved "http://storage.mds.yandex.net/get-npm/45674/p-finally-1.0.0.tgz#3fbcfb15b899a44123b34b6dcc18b724336a2cae"

p-is-promise@^1.1.0:
  version "1.1.0"
  resolved "http://storage.mds.yandex.net/get-npm/69187/p-is-promise-1.1.0.tgz#9c9456989e9f6588017b0434d56097675c3da05e"

p-timeout@^2.0.1:
  version "2.0.1"
  resolved "http://storage.mds.yandex.net/get-npm/66641/p-timeout-2.0.1.tgz#d8dd1979595d2dc0139e1fe46b8b646cb3cdf038"
  dependencies:
    p-finally "^1.0.0"

parse5@^3.0.1:
  version "3.0.3"
  resolved "http://storage.mds.yandex.net/get-npm/35308/parse5-3.0.3.tgz#042f792ffdd36851551cf4e9e066b3874ab45b5c"
  dependencies:
    "@types/node" "*"

pick-random@^2.0.0:
  version "2.0.0"
  resolved "http://storage.mds.yandex.net/get-npm/69187/pick-random-2.0.0.tgz#36ea6d3bce8ee506b0c62cb7b7d39e05c283da9a"

pify@^3.0.0:
  version "3.0.0"
  resolved "http://storage.mds.yandex.net/get-npm/69187/pify-3.0.0.tgz#e5a4acd2c101fdf3d9a4d07f0dbc4db49dd28176"

prepend-http@^2.0.0:
  version "2.0.0"
  resolved "http://storage.mds.yandex.net/get-npm/66641/prepend-http-2.0.0.tgz#e92434bfa5ea8c19f41cdfd401d741a3c819d897"

process-nextick-args@~1.0.6:
  version "1.0.7"
  resolved "http://storage.mds.yandex.net/get-npm/66641/process-nextick-args-1.0.7.tgz#150e20b756590ad3f91093f25a4f2ad8bff30ba3"

progress@^2.0.0:
  version "2.0.0"
  resolved "http://storage.mds.yandex.net/get-npm/69187/progress-2.0.0.tgz#8a1be366bf8fc23db2bd23f10c6fe920b4389d1f"

query-string@^5.0.1:
  version "5.0.1"
  resolved "http://storage.mds.yandex.net/get-npm/45674/query-string-5.0.1.tgz#6e2b86fe0e08aef682ecbe86e85834765402bd88"
  dependencies:
    decode-uri-component "^0.2.0"
    object-assign "^4.1.0"
    strict-uri-encode "^1.0.0"

readable-stream@^2.0.0, readable-stream@^2.0.2:
  version "2.3.3"
  resolved "http://storage.mds.yandex.net/get-npm/69187/readable-stream-2.3.3.tgz#368f2512d79f9d46fdfc71349ae7878bbc1eb95c"
  dependencies:
    core-util-is "~1.0.0"
    inherits "~2.0.3"
    isarray "~1.0.0"
    process-nextick-args "~1.0.6"
    safe-buffer "~5.1.1"
    string_decoder "~1.0.3"
    util-deprecate "~1.0.1"

responselike@1.0.2:
  version "1.0.2"
  resolved "http://storage.mds.yandex.net/get-npm/38095/responselike-1.0.2.tgz#918720ef3b631c5642be068f15ade5a46f4ba1e7"
  dependencies:
    lowercase-keys "^1.0.0"

restore-cursor@^2.0.0:
  version "2.0.0"
  resolved "http://storage.mds.yandex.net/get-npm/66641/restore-cursor-2.0.0.tgz#9f7ee287f82fd326d4fd162923d62129eee0dfaf"
  dependencies:
    onetime "^2.0.0"
    signal-exit "^3.0.2"

run-async@^2.2.0:
  version "2.3.0"
  resolved "http://storage.mds.yandex.net/get-npm/35308/run-async-2.3.0.tgz#0371ab4ae0bdd720d4166d7dfda64ff7a445a6c0"
  dependencies:
    is-promise "^2.1.0"

rx-lite-aggregates@^4.0.8:
  version "4.0.8"
  resolved "http://storage.mds.yandex.net/get-npm/35308/rx-lite-aggregates-4.0.8.tgz#753b87a89a11c95467c4ac1626c4efc4e05c67be"
  dependencies:
    rx-lite "*"

rx-lite@*, rx-lite@^4.0.8:
  version "4.0.8"
  resolved "http://storage.mds.yandex.net/get-npm/69187/rx-lite-4.0.8.tgz#0b1e11af8bc44836f04a6407e92da42467b79444"

safe-buffer@^5.1.1, safe-buffer@~5.1.0, safe-buffer@~5.1.1:
  version "5.1.1"
  resolved "http://storage.mds.yandex.net/get-npm/66641/safe-buffer-5.1.1.tgz#893312af69b2123def71f57889001671eeb2c853"

signal-exit@^3.0.2:
  version "3.0.2"
  resolved "http://storage.mds.yandex.net/get-npm/69187/signal-exit-3.0.2.tgz#b5fdc08f1287ea1178628e415e25132b73646c6d"

sort-keys@^2.0.0:
  version "2.0.0"
  resolved "http://storage.mds.yandex.net/get-npm/45674/sort-keys-2.0.0.tgz#658535584861ec97d730d6cf41822e1f56684128"
  dependencies:
    is-plain-obj "^1.0.0"

strict-uri-encode@^1.0.0:
  version "1.1.0"
  resolved "http://storage.mds.yandex.net/get-npm/38095/strict-uri-encode-1.1.0.tgz#279b225df1d582b1f54e65addd4352e18faa0713"

string-width@^2.1.0:
  version "2.1.1"
  resolved "http://storage.mds.yandex.net/get-npm/69187/string-width-2.1.1.tgz#ab93f27a8dc13d28cac815c462143a6d9012ae9e"
  dependencies:
    is-fullwidth-code-point "^2.0.0"
    strip-ansi "^4.0.0"

string_decoder@~1.0.3:
  version "1.0.3"
  resolved "http://storage.mds.yandex.net/get-npm/66641/string_decoder-1.0.3.tgz#0fc67d7c141825de94282dd536bec6b9bce860ab"
  dependencies:
    safe-buffer "~5.1.0"

strip-ansi@^4.0.0:
  version "4.0.0"
  resolved "http://storage.mds.yandex.net/get-npm/69187/strip-ansi-4.0.0.tgz#a8479022eb1ac368a871389b635262c505ee368f"
  dependencies:
    ansi-regex "^3.0.0"

supports-color@^4.0.0:
  version "4.5.0"
  resolved "http://storage.mds.yandex.net/get-npm/66641/supports-color-4.5.0.tgz#be7a0de484dec5c5cddf8b3d59125044912f635b"
  dependencies:
    has-flag "^2.0.0"

through@^2.3.6:
  version "2.3.8"
  resolved "http://storage.mds.yandex.net/get-npm/45674/through-2.3.8.tgz#0dd4c9ffaabc357960b1b724115d7e0e86a2e1f5"

timed-out@^4.0.1:
  version "4.0.1"
  resolved "http://storage.mds.yandex.net/get-npm/45674/timed-out-4.0.1.tgz#f32eacac5a175bea25d7fab565ab3ed8741ef56f"

tmp@^0.0.33:
  version "0.0.33"
  resolved "http://storage.mds.yandex.net/get-npm/35308/tmp-0.0.33.tgz#6d34335889768d21b2bcda0aa277ced3b1bfadf9"
  dependencies:
    os-tmpdir "~1.0.2"

url-parse-lax@^3.0.0:
  version "3.0.0"
  resolved "http://storage.mds.yandex.net/get-npm/66641/url-parse-lax-3.0.0.tgz#16b5cafc07dbe3676c1b1999177823d6503acb0c"
  dependencies:
    prepend-http "^2.0.0"

url-to-options@^1.0.1:
  version "1.0.1"
  resolved "http://storage.mds.yandex.net/get-npm/45674/url-to-options-1.0.1.tgz#1505a03a289a48cbd7a434efbaeec5055f5633a9"

util-deprecate@~1.0.1:
  version "1.0.2"
  resolved "http://storage.mds.yandex.net/get-npm/38095/util-deprecate-1.0.2.tgz#450d4dc9fa70de732762fbd2d4a28981419a0ccf"
